
Microsoft Visual Studio Solution File, Format Version 12.00
# Visual Studio Version 16
VisualStudioVersion = 16.0.29509.3
MinimumVisualStudioVersion = 10.0.40219.1
Project("{FAE04EC0-301F-11D3-BF4B-00C04F79EFBC}") = "nstest.web", "nstest.web\nstest.web.csproj", "{42A378CB-0FC0-402D-B611-E57752CC53C7}"
EndProject
Project("{FAE04EC0-301F-11D3-BF4B-00C04F79EFBC}") = "nstest.model", "nstest.model\nstest.model.csproj", "{046D1DA0-495F-498D-87F5-3F0747F3514C}"
EndProject
Global
	GlobalSection(SolutionConfigurationPlatforms) = preSolution
		Debug|Any CPU = Debug|Any CPU
		Release|Any CPU = Release|Any CPU
	EndGlobalSection
	GlobalSection(ProjectConfigurationPlatforms) = postSolution
		{42A378CB-0FC0-402D-B611-E57752CC53C7}.Debug|Any CPU.ActiveCfg = Debug|Any CPU
		{42A378CB-0FC0-402D-B611-E57752CC53C7}.Debug|Any CPU.Build.0 = Debug|Any CPU
		{42A378CB-0FC0-402D-B611-E57752CC53C7}.Release|Any CPU.ActiveCfg = Release|Any CPU
		{42A378CB-0FC0-402D-B611-E57752CC53C7}.Release|Any CPU.Build.0 = Release|Any CPU
		{046D1DA0-495F-498D-87F5-3F0747F3514C}.Debug|Any CPU.ActiveCfg = Debug|Any CPU
		{046D1DA0-495F-498D-87F5-3F0747F3514C}.Debug|Any CPU.Build.0 = Debug|Any CPU
		{046D1DA0-495F-498D-87F5-3F0747F3514C}.Release|Any CPU.ActiveCfg = Release|Any CPU
		{046D1DA0-495F-498D-87F5-3F0747F3514C}.Release|Any CPU.Build.0 = Release|Any CPU
	EndGlobalSection
	GlobalSection(SolutionProperties) = preSolution
		HideSolutionNode = FALSE
	EndGlobalSection
	GlobalSection(ExtensibilityGlobals) = postSolution
		SolutionGuid = {417513ED-D908-4D8A-8B55-EBA607045132}
	EndGlobalSection
EndGlobal
